{
  "name": "test-project",
  "version": "1.0.0",
  "lockfileVersion": 3,
  "packages": {
    "": {
      "name": "test-project",
      "version": "1.0.0"
    },
    "node_modules/axios": {
      "version": "0.30.4",
      "resolved": "https://registry.npmjs.org/axios/-/axios-0.30.4.tgz",
      "integrity": "sha512-fake"
    },
    "node_modules/express": {
      "version": "4.18.2",
      "resolved": "https://registry.npmjs.org/express/-/express-4.18.2.tgz"
    },
    "node_modules/lodash": {
      "version": "4.17.21"
    },
    "node_modules/plain-crypto-js": {
      "version": "1.0.0",
      "resolved": "https://registry.npmjs.org/plain-crypto-js/-/plain-crypto-js-1.0.0.tgz"
    }
  }
}
